
Microsoft Visual Studio Solution File, Format Version 12.00
# Visual Studio Version 16
VisualStudioVersion = 16.0.29728.190
MinimumVisualStudioVersion = 10.0.40219.1
Project("{9A19103F-16F7-4668-BE54-9A1E7A4F7556}") = "SBCA.UnifiedDataStandard", "SBCA_DataStandard\SBCA.UnifiedDataStandard.csproj", "{2CD79EA8-F261-45BD-9B0F-7EF7ABB72133}"
EndProject
Project("{9A19103F-16F7-4668-BE54-9A1E7A4F7556}") = "SBCA.UnifiedDataStandard.Tests", "SBCA_DataStandard_Tests\SBCA.UnifiedDataStandard.Tests.csproj", "{9AF15128-56EC-4998-A30B-7BE51CDBD2CD}"
EndProject
Global
	GlobalSection(SolutionConfigurationPlatforms) = preSolution
		Debug|Any CPU = Debug|Any CPU
		Release|Any CPU = Release|Any CPU
	EndGlobalSection
	GlobalSection(ProjectConfigurationPlatforms) = postSolution
		{2CD79EA8-F261-45BD-9B0F-7EF7ABB72133}.Debug|Any CPU.ActiveCfg = Debug|Any CPU
		{2CD79EA8-F261-45BD-9B0F-7EF7ABB72133}.Debug|Any CPU.Build.0 = Debug|Any CPU
		{2CD79EA8-F261-45BD-9B0F-7EF7ABB72133}.Release|Any CPU.ActiveCfg = Release|Any CPU
		{2CD79EA8-F261-45BD-9B0F-7EF7ABB72133}.Release|Any CPU.Build.0 = Release|Any CPU
		{9AF15128-56EC-4998-A30B-7BE51CDBD2CD}.Debug|Any CPU.ActiveCfg = Debug|Any CPU
		{9AF15128-56EC-4998-A30B-7BE51CDBD2CD}.Debug|Any CPU.Build.0 = Debug|Any CPU
		{9AF15128-56EC-4998-A30B-7BE51CDBD2CD}.Release|Any CPU.ActiveCfg = Release|Any CPU
		{9AF15128-56EC-4998-A30B-7BE51CDBD2CD}.Release|Any CPU.Build.0 = Release|Any CPU
	EndGlobalSection
	GlobalSection(SolutionProperties) = preSolution
		HideSolutionNode = FALSE
	EndGlobalSection
	GlobalSection(ExtensibilityGlobals) = postSolution
		SolutionGuid = {5D1D75C5-0840-480E-9B70-13F73EB6B3F0}
	EndGlobalSection
EndGlobal
